
Microsoft Visual Studio Solution File, Format Version 12.00
# Visual Studio Version 17
VisualStudioVersion = 17.8.34316.72
MinimumVisualStudioVersion = 10.0.40219.1
Project("{FAE04EC0-301F-11D3-BF4B-00C04F79EFBC}") = "api", "api.csproj", "{14C134FF-7B23-4318-8B6C-F8571F079953}"
EndProject
Project("{FAE04EC0-301F-11D3-BF4B-00C04F79EFBC}") = "tests", "..\event.planning.tests\tests.csproj", "{C733265E-025B-4D5D-96FA-36505525F79E}"
EndProject
Project("{FAE04EC0-301F-11D3-BF4B-00C04F79EFBC}") = "infra", "..\event.planning.infra\infra.csproj", "{D2D7117D-23D6-4C88-B7D5-1C7D67B1C487}"
EndProject
Global
	GlobalSection(SolutionConfigurationPlatforms) = preSolution
		Debug|Any CPU = Debug|Any CPU
		Release|Any CPU = Release|Any CPU
	EndGlobalSection
	GlobalSection(ProjectConfigurationPlatforms) = postSolution
		{14C134FF-7B23-4318-8B6C-F8571F079953}.Debug|Any CPU.ActiveCfg = Debug|Any CPU
		{14C134FF-7B23-4318-8B6C-F8571F079953}.Debug|Any CPU.Build.0 = Debug|Any CPU
		{14C134FF-7B23-4318-8B6C-F8571F079953}.Release|Any CPU.ActiveCfg = Release|Any CPU
		{14C134FF-7B23-4318-8B6C-F8571F079953}.Release|Any CPU.Build.0 = Release|Any CPU
		{C733265E-025B-4D5D-96FA-36505525F79E}.Debug|Any CPU.ActiveCfg = Debug|Any CPU
		{C733265E-025B-4D5D-96FA-36505525F79E}.Debug|Any CPU.Build.0 = Debug|Any CPU
		{C733265E-025B-4D5D-96FA-36505525F79E}.Release|Any CPU.ActiveCfg = Release|Any CPU
		{C733265E-025B-4D5D-96FA-36505525F79E}.Release|Any CPU.Build.0 = Release|Any CPU
		{D2D7117D-23D6-4C88-B7D5-1C7D67B1C487}.Debug|Any CPU.ActiveCfg = Debug|Any CPU
		{D2D7117D-23D6-4C88-B7D5-1C7D67B1C487}.Debug|Any CPU.Build.0 = Debug|Any CPU
		{D2D7117D-23D6-4C88-B7D5-1C7D67B1C487}.Release|Any CPU.ActiveCfg = Release|Any CPU
		{D2D7117D-23D6-4C88-B7D5-1C7D67B1C487}.Release|Any CPU.Build.0 = Release|Any CPU
	EndGlobalSection
	GlobalSection(SolutionProperties) = preSolution
		HideSolutionNode = FALSE
	EndGlobalSection
	GlobalSection(ExtensibilityGlobals) = postSolution
		SolutionGuid = {F970AFCE-AA9C-46CC-80DC-5BF2D3A0891E}
	EndGlobalSection
EndGlobal
